
Microsoft Visual Studio Solution File, Format Version 12.00
Project("{FAE04EC0-301F-11D3-BF4B-00C04F79EFBC}") = "Day.2", "Day.2\Day.2.csproj", "{7BDD086B-3DED-43DF-8104-45BD5CC52223}"
EndProject
Global
	GlobalSection(SolutionConfigurationPlatforms) = preSolution
		Debug|Any CPU = Debug|Any CPU
		Release|Any CPU = Release|Any CPU
	EndGlobalSection
	GlobalSection(ProjectConfigurationPlatforms) = postSolution
		{7BDD086B-3DED-43DF-8104-45BD5CC52223}.Debug|Any CPU.ActiveCfg = Debug|Any CPU
		{7BDD086B-3DED-43DF-8104-45BD5CC52223}.Debug|Any CPU.Build.0 = Debug|Any CPU
		{7BDD086B-3DED-43DF-8104-45BD5CC52223}.Release|Any CPU.ActiveCfg = Release|Any CPU
		{7BDD086B-3DED-43DF-8104-45BD5CC52223}.Release|Any CPU.Build.0 = Release|Any CPU
	EndGlobalSection
EndGlobal
