
Microsoft Visual Studio Solution File, Format Version 12.00
Project("{FAE04EC0-301F-11D3-BF4B-00C04F79EFBC}") = "day.2", "day.2\day.2.csproj", "{A2FD69D3-4B82-4569-9095-163152FDABB8}"
EndProject
Global
	GlobalSection(SolutionConfigurationPlatforms) = preSolution
		Debug|Any CPU = Debug|Any CPU
		Release|Any CPU = Release|Any CPU
	EndGlobalSection
	GlobalSection(ProjectConfigurationPlatforms) = postSolution
		{A2FD69D3-4B82-4569-9095-163152FDABB8}.Debug|Any CPU.ActiveCfg = Debug|Any CPU
		{A2FD69D3-4B82-4569-9095-163152FDABB8}.Debug|Any CPU.Build.0 = Debug|Any CPU
		{A2FD69D3-4B82-4569-9095-163152FDABB8}.Release|Any CPU.ActiveCfg = Release|Any CPU
		{A2FD69D3-4B82-4569-9095-163152FDABB8}.Release|Any CPU.Build.0 = Release|Any CPU
	EndGlobalSection
EndGlobal
