
Microsoft Visual Studio Solution File, Format Version 12.00
Project("{FAE04EC0-301F-11D3-BF4B-00C04F79EFBC}") = "Day.3", "Day.3\Day.3.csproj", "{AE5ADEFD-5AE7-498C-BBD3-E781B2A1BD0D}"
EndProject
Global
	GlobalSection(SolutionConfigurationPlatforms) = preSolution
		Debug|Any CPU = Debug|Any CPU
		Release|Any CPU = Release|Any CPU
	EndGlobalSection
	GlobalSection(ProjectConfigurationPlatforms) = postSolution
		{AE5ADEFD-5AE7-498C-BBD3-E781B2A1BD0D}.Debug|Any CPU.ActiveCfg = Debug|Any CPU
		{AE5ADEFD-5AE7-498C-BBD3-E781B2A1BD0D}.Debug|Any CPU.Build.0 = Debug|Any CPU
		{AE5ADEFD-5AE7-498C-BBD3-E781B2A1BD0D}.Release|Any CPU.ActiveCfg = Release|Any CPU
		{AE5ADEFD-5AE7-498C-BBD3-E781B2A1BD0D}.Release|Any CPU.Build.0 = Release|Any CPU
	EndGlobalSection
EndGlobal
